
Microsoft Visual Studio Solution File, Format Version 12.00
# Visual Studio Version 17
VisualStudioVersion = 17.4.33213.308
MinimumVisualStudioVersion = 10.0.40219.1
Project("{FAE04EC0-301F-11D3-BF4B-00C04F79EFBC}") = "ChallengeApp", "ChallengeApp\ChallengeApp.csproj", "{4895C447-0E26-44D4-BBCE-1E80D7D54E73}"
EndProject
Global
	GlobalSection(SolutionConfigurationPlatforms) = preSolution
		Debug|Any CPU = Debug|Any CPU
		Release|Any CPU = Release|Any CPU
	EndGlobalSection
	GlobalSection(ProjectConfigurationPlatforms) = postSolution
		{4895C447-0E26-44D4-BBCE-1E80D7D54E73}.Debug|Any CPU.ActiveCfg = Debug|Any CPU
		{4895C447-0E26-44D4-BBCE-1E80D7D54E73}.Debug|Any CPU.Build.0 = Debug|Any CPU
		{4895C447-0E26-44D4-BBCE-1E80D7D54E73}.Release|Any CPU.ActiveCfg = Release|Any CPU
		{4895C447-0E26-44D4-BBCE-1E80D7D54E73}.Release|Any CPU.Build.0 = Release|Any CPU
	EndGlobalSection
	GlobalSection(SolutionProperties) = preSolution
		HideSolutionNode = FALSE
	EndGlobalSection
	GlobalSection(ExtensibilityGlobals) = postSolution
		SolutionGuid = {1447147C-A7A3-41EE-AE83-2F0F1A2EC5BB}
	EndGlobalSection
EndGlobal
